
Microsoft Visual Studio Solution File, Format Version 12.00
# Visual Studio Version 17
VisualStudioVersion = 17.6.33801.468
MinimumVisualStudioVersion = 10.0.40219.1
Project("{FAE04EC0-301F-11D3-BF4B-00C04F79EFBC}") = "Labeling Inventory", "Labeling Inventory.csproj", "{9C334C76-4F53-4B3C-8C5F-067132B781B3}"
EndProject
Global
	GlobalSection(SolutionConfigurationPlatforms) = preSolution
		Debug|Any CPU = Debug|Any CPU
		Release|Any CPU = Release|Any CPU
	EndGlobalSection
	GlobalSection(ProjectConfigurationPlatforms) = postSolution
		{9C334C76-4F53-4B3C-8C5F-067132B781B3}.Debug|Any CPU.ActiveCfg = Debug|Any CPU
		{9C334C76-4F53-4B3C-8C5F-067132B781B3}.Debug|Any CPU.Build.0 = Debug|Any CPU
		{9C334C76-4F53-4B3C-8C5F-067132B781B3}.Release|Any CPU.ActiveCfg = Release|Any CPU
		{9C334C76-4F53-4B3C-8C5F-067132B781B3}.Release|Any CPU.Build.0 = Release|Any CPU
	EndGlobalSection
	GlobalSection(SolutionProperties) = preSolution
		HideSolutionNode = FALSE
	EndGlobalSection
	GlobalSection(ExtensibilityGlobals) = postSolution
		SolutionGuid = {E52B7459-6B10-4E4E-B850-E6952DE880D2}
	EndGlobalSection
EndGlobal
