
Microsoft Visual Studio Solution File, Format Version 12.00
# Visual Studio Version 17
VisualStudioVersion = 17.6.33801.468
MinimumVisualStudioVersion = 10.0.40219.1
Project("{FAE04EC0-301F-11D3-BF4B-00C04F79EFBC}") = "Vin's Trouble", "Vin's Trouble.csproj", "{B5539688-C1B2-4CE8-B00F-D85DA030D524}"
EndProject
Global
	GlobalSection(SolutionConfigurationPlatforms) = preSolution
		Debug|Any CPU = Debug|Any CPU
		Release|Any CPU = Release|Any CPU
	EndGlobalSection
	GlobalSection(ProjectConfigurationPlatforms) = postSolution
		{B5539688-C1B2-4CE8-B00F-D85DA030D524}.Debug|Any CPU.ActiveCfg = Debug|Any CPU
		{B5539688-C1B2-4CE8-B00F-D85DA030D524}.Debug|Any CPU.Build.0 = Debug|Any CPU
		{B5539688-C1B2-4CE8-B00F-D85DA030D524}.Release|Any CPU.ActiveCfg = Release|Any CPU
		{B5539688-C1B2-4CE8-B00F-D85DA030D524}.Release|Any CPU.Build.0 = Release|Any CPU
	EndGlobalSection
	GlobalSection(SolutionProperties) = preSolution
		HideSolutionNode = FALSE
	EndGlobalSection
	GlobalSection(ExtensibilityGlobals) = postSolution
		SolutionGuid = {8EA1A499-4244-4349-8305-010E37CABB55}
	EndGlobalSection
EndGlobal
