
Microsoft Visual Studio Solution File, Format Version 12.00
# Visual Studio Version 17
VisualStudioVersion = 17.6.33801.468
MinimumVisualStudioVersion = 10.0.40219.1
Project("{FAE04EC0-301F-11D3-BF4B-00C04F79EFBC}") = "Hangman", "Hangman.csproj", "{AFEAD93E-3456-4BFE-B1C8-8BF55CF3CE9F}"
EndProject
Global
	GlobalSection(SolutionConfigurationPlatforms) = preSolution
		Debug|Any CPU = Debug|Any CPU
		Release|Any CPU = Release|Any CPU
	EndGlobalSection
	GlobalSection(ProjectConfigurationPlatforms) = postSolution
		{AFEAD93E-3456-4BFE-B1C8-8BF55CF3CE9F}.Debug|Any CPU.ActiveCfg = Debug|Any CPU
		{AFEAD93E-3456-4BFE-B1C8-8BF55CF3CE9F}.Debug|Any CPU.Build.0 = Debug|Any CPU
		{AFEAD93E-3456-4BFE-B1C8-8BF55CF3CE9F}.Release|Any CPU.ActiveCfg = Release|Any CPU
		{AFEAD93E-3456-4BFE-B1C8-8BF55CF3CE9F}.Release|Any CPU.Build.0 = Release|Any CPU
	EndGlobalSection
	GlobalSection(SolutionProperties) = preSolution
		HideSolutionNode = FALSE
	EndGlobalSection
	GlobalSection(ExtensibilityGlobals) = postSolution
		SolutionGuid = {3BE25F54-F2CD-4DA2-8CF0-E60C686ADE32}
	EndGlobalSection
EndGlobal
